{
    "version": 3,
    "terraform_version": "0.11.13",
    "serial": 17,
    "lineage": "43dc2490-f571-ffbb-b78c-d2dfe47b40af",
    "modules": [
        {
            "path": [
                "root"
            ],
            "outputs": {},
            "resources": {
                "data.google_compute_network.default_network": {
                    "type": "google_compute_network",
                    "depends_on": [],
                    "primary": {
                        "id": "default",
                        "attributes": {
                            "description": "Default network for the project",
                            "gateway_ipv4": "",
                            "id": "default",
                            "name": "default",
                            "self_link": "https://www.googleapis.com/compute/v1/projects/developer-222401/global/networks/default",
                            "subnetworks_self_links.#": "19",
                            "subnetworks_self_links.0": "https://www.googleapis.com/compute/v1/projects/developer-222401/regions/europe-west2/subnetworks/default",
                            "subnetworks_self_links.1": "https://www.googleapis.com/compute/v1/projects/developer-222401/regions/australia-southeast1/subnetworks/default",
                            "subnetworks_self_links.10": "https://www.googleapis.com/compute/v1/projects/developer-222401/regions/asia-east2/subnetworks/default",
                            "subnetworks_self_links.11": "https://www.googleapis.com/compute/v1/projects/developer-222401/regions/us-central1/subnetworks/default",
                            "subnetworks_self_links.12": "https://www.googleapis.com/compute/v1/projects/developer-222401/regions/us-west2/subnetworks/default",
                            "subnetworks_self_links.13": "https://www.googleapis.com/compute/v1/projects/developer-222401/regions/europe-west6/subnetworks/default",
                            "subnetworks_self_links.14": "https://www.googleapis.com/compute/v1/projects/developer-222401/regions/europe-west1/subnetworks/default",
                            "subnetworks_self_links.15": "https://www.googleapis.com/compute/v1/projects/developer-222401/regions/asia-east1/subnetworks/default",
                            "subnetworks_self_links.16": "https://www.googleapis.com/compute/v1/projects/developer-222401/regions/europe-west4/subnetworks/default",
                            "subnetworks_self_links.17": "https://www.googleapis.com/compute/v1/projects/developer-222401/regions/europe-west3/subnetworks/default",
                            "subnetworks_self_links.18": "https://www.googleapis.com/compute/v1/projects/developer-222401/regions/southamerica-east1/subnetworks/default",
                            "subnetworks_self_links.2": "https://www.googleapis.com/compute/v1/projects/developer-222401/regions/asia-southeast1/subnetworks/default",
                            "subnetworks_self_links.3": "https://www.googleapis.com/compute/v1/projects/developer-222401/regions/us-east1/subnetworks/default",
                            "subnetworks_self_links.4": "https://www.googleapis.com/compute/v1/projects/developer-222401/regions/asia-south1/subnetworks/default",
                            "subnetworks_self_links.5": "https://www.googleapis.com/compute/v1/projects/developer-222401/regions/us-east4/subnetworks/default",
                            "subnetworks_self_links.6": "https://www.googleapis.com/compute/v1/projects/developer-222401/regions/northamerica-northeast1/subnetworks/default",
                            "subnetworks_self_links.7": "https://www.googleapis.com/compute/v1/projects/developer-222401/regions/europe-north1/subnetworks/default",
                            "subnetworks_self_links.8": "https://www.googleapis.com/compute/v1/projects/developer-222401/regions/us-west1/subnetworks/default",
                            "subnetworks_self_links.9": "https://www.googleapis.com/compute/v1/projects/developer-222401/regions/asia-northeast1/subnetworks/default"
                        },
                        "meta": {},
                        "tainted": false
                    },
                    "deposed": [],
                    "provider": "provider.google"
                },
                "google_compute_address.node_ext_addr.0": {
                    "type": "google_compute_address",
                    "depends_on": [],
                    "primary": {
                        "id": "developer-222401/us-central1/testnet1-node0",
                        "attributes": {
                            "address": "35.225.240.133",
                            "address_type": "EXTERNAL",
                            "creation_timestamp": "2019-03-20T21:39:45.598-07:00",
                            "description": "",
                            "id": "developer-222401/us-central1/testnet1-node0",
                            "name": "testnet1-node0",
                            "network_tier": "PREMIUM",
                            "project": "developer-222401",
                            "region": "us-central1",
                            "self_link": "https://www.googleapis.com/compute/v1/projects/developer-222401/regions/us-central1/addresses/testnet1-node0",
                            "subnetwork": "",
                            "users.#": "1",
                            "users.0": "https://www.googleapis.com/compute/v1/projects/developer-222401/zones/us-central1-a/instances/testnet1-node0"
                        },
                        "meta": {
                            "e2bfb730-ecaa-11e6-8f88-34363bc7c4c0": {
                                "create": 240000000000,
                                "delete": 240000000000
                            }
                        },
                        "tainted": false
                    },
                    "deposed": [],
                    "provider": "provider.google"
                },
                "google_compute_address.node_ext_addr.1": {
                    "type": "google_compute_address",
                    "depends_on": [],
                    "primary": {
                        "id": "developer-222401/us-central1/testnet1-node1",
                        "attributes": {
                            "address": "35.232.220.146",
                            "address_type": "EXTERNAL",
                            "creation_timestamp": "2019-03-20T21:39:45.613-07:00",
                            "description": "",
                            "id": "developer-222401/us-central1/testnet1-node1",
                            "name": "testnet1-node1",
                            "network_tier": "PREMIUM",
                            "project": "developer-222401",
                            "region": "us-central1",
                            "self_link": "https://www.googleapis.com/compute/v1/projects/developer-222401/regions/us-central1/addresses/testnet1-node1",
                            "subnetwork": "",
                            "users.#": "1",
                            "users.0": "https://www.googleapis.com/compute/v1/projects/developer-222401/zones/us-central1-a/instances/testnet1-node1"
                        },
                        "meta": {
                            "e2bfb730-ecaa-11e6-8f88-34363bc7c4c0": {
                                "create": 240000000000,
                                "delete": 240000000000
                            }
                        },
                        "tainted": false
                    },
                    "deposed": [],
                    "provider": "provider.google"
                },
                "google_compute_address.node_ext_addr.2": {
                    "type": "google_compute_address",
                    "depends_on": [],
                    "primary": {
                        "id": "developer-222401/us-central1/testnet1-node2",
                        "attributes": {
                            "address": "35.232.71.197",
                            "address_type": "EXTERNAL",
                            "creation_timestamp": "2019-03-20T21:39:45.745-07:00",
                            "description": "",
                            "id": "developer-222401/us-central1/testnet1-node2",
                            "name": "testnet1-node2",
                            "network_tier": "PREMIUM",
                            "project": "developer-222401",
                            "region": "us-central1",
                            "self_link": "https://www.googleapis.com/compute/v1/projects/developer-222401/regions/us-central1/addresses/testnet1-node2",
                            "subnetwork": "",
                            "users.#": "1",
                            "users.0": "https://www.googleapis.com/compute/v1/projects/developer-222401/zones/us-central1-a/instances/testnet1-node2"
                        },
                        "meta": {
                            "e2bfb730-ecaa-11e6-8f88-34363bc7c4c0": {
                                "create": 240000000000,
                                "delete": 240000000000
                            }
                        },
                        "tainted": false
                    },
                    "deposed": [],
                    "provider": "provider.google"
                },
                "google_compute_address.node_ext_addr.3": {
                    "type": "google_compute_address",
                    "depends_on": [],
                    "primary": {
                        "id": "developer-222401/us-central1/testnet1-node3",
                        "attributes": {
                            "address": "35.238.20.89",
                            "address_type": "EXTERNAL",
                            "creation_timestamp": "2019-03-20T21:39:45.742-07:00",
                            "description": "",
                            "id": "developer-222401/us-central1/testnet1-node3",
                            "name": "testnet1-node3",
                            "network_tier": "PREMIUM",
                            "project": "developer-222401",
                            "region": "us-central1",
                            "self_link": "https://www.googleapis.com/compute/v1/projects/developer-222401/regions/us-central1/addresses/testnet1-node3",
                            "subnetwork": "",
                            "users.#": "1",
                            "users.0": "https://www.googleapis.com/compute/v1/projects/developer-222401/zones/us-central1-a/instances/testnet1-node3"
                        },
                        "meta": {
                            "e2bfb730-ecaa-11e6-8f88-34363bc7c4c0": {
                                "create": 240000000000,
                                "delete": 240000000000
                            }
                        },
                        "tainted": false
                    },
                    "deposed": [],
                    "provider": "provider.google"
                },
                "google_compute_address.node_ext_addr.4": {
                    "type": "google_compute_address",
                    "depends_on": [],
                    "primary": {
                        "id": "developer-222401/us-central1/testnet1-node4",
                        "attributes": {
                            "address": "35.202.251.179",
                            "address_type": "EXTERNAL",
                            "creation_timestamp": "2019-03-20T21:39:49.645-07:00",
                            "description": "",
                            "id": "developer-222401/us-central1/testnet1-node4",
                            "name": "testnet1-node4",
                            "network_tier": "PREMIUM",
                            "project": "developer-222401",
                            "region": "us-central1",
                            "self_link": "https://www.googleapis.com/compute/v1/projects/developer-222401/regions/us-central1/addresses/testnet1-node4",
                            "subnetwork": "",
                            "users.#": "1",
                            "users.0": "https://www.googleapis.com/compute/v1/projects/developer-222401/zones/us-central1-a/instances/testnet1-node4"
                        },
                        "meta": {
                            "e2bfb730-ecaa-11e6-8f88-34363bc7c4c0": {
                                "create": 240000000000,
                                "delete": 240000000000
                            }
                        },
                        "tainted": false
                    },
                    "deposed": [],
                    "provider": "provider.google"
                },
                "google_compute_address.node_ext_addr.5": {
                    "type": "google_compute_address",
                    "depends_on": [],
                    "primary": {
                        "id": "developer-222401/us-central1/testnet1-node5",
                        "attributes": {
                            "address": "35.238.248.19",
                            "address_type": "EXTERNAL",
                            "creation_timestamp": "2019-03-20T21:39:45.769-07:00",
                            "description": "",
                            "id": "developer-222401/us-central1/testnet1-node5",
                            "name": "testnet1-node5",
                            "network_tier": "PREMIUM",
                            "project": "developer-222401",
                            "region": "us-central1",
                            "self_link": "https://www.googleapis.com/compute/v1/projects/developer-222401/regions/us-central1/addresses/testnet1-node5",
                            "subnetwork": "",
                            "users.#": "1",
                            "users.0": "https://www.googleapis.com/compute/v1/projects/developer-222401/zones/us-central1-a/instances/testnet1-node5"
                        },
                        "meta": {
                            "e2bfb730-ecaa-11e6-8f88-34363bc7c4c0": {
                                "create": 240000000000,
                                "delete": 240000000000
                            }
                        },
                        "tainted": false
                    },
                    "deposed": [],
                    "provider": "provider.google"
                },
                "google_compute_address.node_ext_addr.6": {
                    "type": "google_compute_address",
                    "depends_on": [],
                    "primary": {
                        "id": "developer-222401/us-central1/testnet1-node6",
                        "attributes": {
                            "address": "35.222.116.54",
                            "address_type": "EXTERNAL",
                            "creation_timestamp": "2019-03-20T21:39:45.604-07:00",
                            "description": "",
                            "id": "developer-222401/us-central1/testnet1-node6",
                            "name": "testnet1-node6",
                            "network_tier": "PREMIUM",
                            "project": "developer-222401",
                            "region": "us-central1",
                            "self_link": "https://www.googleapis.com/compute/v1/projects/developer-222401/regions/us-central1/addresses/testnet1-node6",
                            "subnetwork": "",
                            "users.#": "1",
                            "users.0": "https://www.googleapis.com/compute/v1/projects/developer-222401/zones/us-central1-a/instances/testnet1-node6"
                        },
                        "meta": {
                            "e2bfb730-ecaa-11e6-8f88-34363bc7c4c0": {
                                "create": 240000000000,
                                "delete": 240000000000
                            }
                        },
                        "tainted": false
                    },
                    "deposed": [],
                    "provider": "provider.google"
                },
                "google_compute_address.node_ext_addr.7": {
                    "type": "google_compute_address",
                    "depends_on": [],
                    "primary": {
                        "id": "developer-222401/us-central1/testnet1-node7",
                        "attributes": {
                            "address": "35.224.191.160",
                            "address_type": "EXTERNAL",
                            "creation_timestamp": "2019-03-20T21:39:49.398-07:00",
                            "description": "",
                            "id": "developer-222401/us-central1/testnet1-node7",
                            "name": "testnet1-node7",
                            "network_tier": "PREMIUM",
                            "project": "developer-222401",
                            "region": "us-central1",
                            "self_link": "https://www.googleapis.com/compute/v1/projects/developer-222401/regions/us-central1/addresses/testnet1-node7",
                            "subnetwork": "",
                            "users.#": "1",
                            "users.0": "https://www.googleapis.com/compute/v1/projects/developer-222401/zones/us-central1-a/instances/testnet1-node7"
                        },
                        "meta": {
                            "e2bfb730-ecaa-11e6-8f88-34363bc7c4c0": {
                                "create": 240000000000,
                                "delete": 240000000000
                            }
                        },
                        "tainted": false
                    },
                    "deposed": [],
                    "provider": "provider.google"
                },
                "google_compute_address.node_ext_addr.8": {
                    "type": "google_compute_address",
                    "depends_on": [],
                    "primary": {
                        "id": "developer-222401/us-central1/testnet1-node8",
                        "attributes": {
                            "address": "35.226.66.22",
                            "address_type": "EXTERNAL",
                            "creation_timestamp": "2019-03-20T21:39:45.615-07:00",
                            "description": "",
                            "id": "developer-222401/us-central1/testnet1-node8",
                            "name": "testnet1-node8",
                            "network_tier": "PREMIUM",
                            "project": "developer-222401",
                            "region": "us-central1",
                            "self_link": "https://www.googleapis.com/compute/v1/projects/developer-222401/regions/us-central1/addresses/testnet1-node8",
                            "subnetwork": "",
                            "users.#": "1",
                            "users.0": "https://www.googleapis.com/compute/v1/projects/developer-222401/zones/us-central1-a/instances/testnet1-node8"
                        },
                        "meta": {
                            "e2bfb730-ecaa-11e6-8f88-34363bc7c4c0": {
                                "create": 240000000000,
                                "delete": 240000000000
                            }
                        },
                        "tainted": false
                    },
                    "deposed": [],
                    "provider": "provider.google"
                },
                "google_compute_address.node_ext_addr.9": {
                    "type": "google_compute_address",
                    "depends_on": [],
                    "primary": {
                        "id": "developer-222401/us-central1/testnet1-node9",
                        "attributes": {
                            "address": "35.193.97.127",
                            "address_type": "EXTERNAL",
                            "creation_timestamp": "2019-03-20T21:39:45.620-07:00",
                            "description": "",
                            "id": "developer-222401/us-central1/testnet1-node9",
                            "name": "testnet1-node9",
                            "network_tier": "PREMIUM",
                            "project": "developer-222401",
                            "region": "us-central1",
                            "self_link": "https://www.googleapis.com/compute/v1/projects/developer-222401/regions/us-central1/addresses/testnet1-node9",
                            "subnetwork": "",
                            "users.#": "1",
                            "users.0": "https://www.googleapis.com/compute/v1/projects/developer-222401/zones/us-central1-a/instances/testnet1-node9"
                        },
                        "meta": {
                            "e2bfb730-ecaa-11e6-8f88-34363bc7c4c0": {
                                "create": 240000000000,
                                "delete": 240000000000
                            }
                        },
                        "tainted": false
                    },
                    "deposed": [],
                    "provider": "provider.google"
                },
                "google_compute_firewall.fw_public_node": {
                    "type": "google_compute_firewall",
                    "depends_on": [
                        "data.google_compute_network.default_network"
                    ],
                    "primary": {
                        "id": "testnet1-node-public",
                        "attributes": {
                            "allow.#": "1",
                            "allow.1612226995.ports.#": "3",
                            "allow.1612226995.ports.0": "40400",
                            "allow.1612226995.ports.1": "40403",
                            "allow.1612226995.ports.2": "40404",
                            "allow.1612226995.protocol": "tcp",
                            "creation_timestamp": "2019-03-20T21:39:45.632-07:00",
                            "deny.#": "0",
                            "description": "",
                            "destination_ranges.#": "0",
                            "direction": "INGRESS",
                            "disabled": "false",
                            "id": "testnet1-node-public",
                            "name": "testnet1-node-public",
                            "network": "https://www.googleapis.com/compute/v1/projects/developer-222401/global/networks/default",
                            "priority": "530",
                            "project": "developer-222401",
                            "self_link": "https://www.googleapis.com/compute/v1/projects/developer-222401/global/firewalls/testnet1-node-public",
                            "source_ranges.#": "1",
                            "source_ranges.1080289494": "0.0.0.0/0",
                            "source_service_accounts.#": "0",
                            "source_tags.#": "0",
                            "target_service_accounts.#": "0",
                            "target_tags.#": "1",
                            "target_tags.3081798924": "testnet1-node-public"
                        },
                        "meta": {
                            "e2bfb730-ecaa-11e6-8f88-34363bc7c4c0": {
                                "create": 240000000000,
                                "delete": 240000000000,
                                "update": 240000000000
                            },
                            "schema_version": "1"
                        },
                        "tainted": false
                    },
                    "deposed": [],
                    "provider": "provider.google"
                },
                "google_compute_firewall.fw_public_node_rpc": {
                    "type": "google_compute_firewall",
                    "depends_on": [
                        "data.google_compute_network.default_network"
                    ],
                    "primary": {
                        "id": "testnet1-node-rpc",
                        "attributes": {
                            "allow.#": "1",
                            "allow.2643858853.ports.#": "1",
                            "allow.2643858853.ports.0": "40401",
                            "allow.2643858853.protocol": "tcp",
                            "creation_timestamp": "2019-03-20T21:39:45.513-07:00",
                            "deny.#": "0",
                            "description": "",
                            "destination_ranges.#": "0",
                            "direction": "INGRESS",
                            "disabled": "false",
                            "id": "testnet1-node-rpc",
                            "name": "testnet1-node-rpc",
                            "network": "https://www.googleapis.com/compute/v1/projects/developer-222401/global/networks/default",
                            "priority": "540",
                            "project": "developer-222401",
                            "self_link": "https://www.googleapis.com/compute/v1/projects/developer-222401/global/firewalls/testnet1-node-rpc",
                            "source_ranges.#": "1",
                            "source_ranges.1080289494": "0.0.0.0/0",
                            "source_service_accounts.#": "0",
                            "source_tags.#": "0",
                            "target_service_accounts.#": "0",
                            "target_tags.#": "1",
                            "target_tags.62397779": "testnet1-node-rpc"
                        },
                        "meta": {
                            "e2bfb730-ecaa-11e6-8f88-34363bc7c4c0": {
                                "create": 240000000000,
                                "delete": 240000000000,
                                "update": 240000000000
                            },
                            "schema_version": "1"
                        },
                        "tainted": false
                    },
                    "deposed": [],
                    "provider": "provider.google"
                },
                "google_compute_instance.node_host.0": {
                    "type": "google_compute_instance",
                    "depends_on": [
                        "data.google_compute_network.default_network",
                        "google_compute_address.node_ext_addr.*"
                    ],
                    "primary": {
                        "id": "testnet1-node0",
                        "attributes": {
                            "attached_disk.#": "0",
                            "boot_disk.#": "1",
                            "boot_disk.0.auto_delete": "true",
                            "boot_disk.0.device_name": "persistent-disk-0",
                            "boot_disk.0.disk_encryption_key_raw": "",
                            "boot_disk.0.disk_encryption_key_sha256": "",
                            "boot_disk.0.initialize_params.#": "1",
                            "boot_disk.0.initialize_params.0.image": "https://www.googleapis.com/compute/v1/projects/ubuntu-os-cloud/global/images/ubuntu-1810-cosmic-v20190320",
                            "boot_disk.0.initialize_params.0.size": "160",
                            "boot_disk.0.initialize_params.0.type": "pd-ssd",
                            "boot_disk.0.source": "https://www.googleapis.com/compute/v1/projects/developer-222401/zones/us-central1-a/disks/testnet1-node0",
                            "can_ip_forward": "false",
                            "cpu_platform": "Intel Sandy Bridge",
                            "deletion_protection": "false",
                            "guest_accelerator.#": "0",
                            "hostname": "",
                            "id": "testnet1-node0",
                            "instance_id": "3244473900230158180",
                            "label_fingerprint": "42WmSpB8rSM=",
                            "labels.%": "0",
                            "machine_type": "custom-4-16384",
                            "metadata.%": "0",
                            "metadata_fingerprint": "vloecYIjeXs=",
                            "metadata_startup_script": "",
                            "min_cpu_platform": "",
                            "name": "testnet1-node0",
                            "network_interface.#": "1",
                            "network_interface.0.access_config.#": "1",
                            "network_interface.0.access_config.0.assigned_nat_ip": "",
                            "network_interface.0.access_config.0.nat_ip": "35.225.240.133",
                            "network_interface.0.access_config.0.network_tier": "PREMIUM",
                            "network_interface.0.access_config.0.public_ptr_domain_name": "",
                            "network_interface.0.address": "",
                            "network_interface.0.alias_ip_range.#": "0",
                            "network_interface.0.name": "nic0",
                            "network_interface.0.network": "https://www.googleapis.com/compute/v1/projects/developer-222401/global/networks/default",
                            "network_interface.0.network_ip": "10.128.0.44",
                            "network_interface.0.subnetwork": "https://www.googleapis.com/compute/v1/projects/developer-222401/regions/us-central1/subnetworks/default",
                            "network_interface.0.subnetwork_project": "developer-222401",
                            "project": "developer-222401",
                            "scheduling.#": "1",
                            "scheduling.0.automatic_restart": "true",
                            "scheduling.0.on_host_maintenance": "MIGRATE",
                            "scheduling.0.preemptible": "false",
                            "scratch_disk.#": "0",
                            "self_link": "https://www.googleapis.com/compute/v1/projects/developer-222401/zones/us-central1-a/instances/testnet1-node0",
                            "service_account.#": "0",
                            "tags.#": "4",
                            "tags.1545480626": "collectd-out",
                            "tags.3081798924": "testnet1-node-public",
                            "tags.3831608592": "elasticsearch-out",
                            "tags.4050933101": "testnet1-node-grpc",
                            "tags_fingerprint": "ttKPuf1Ii9E=",
                            "zone": "us-central1-a"
                        },
                        "meta": {
                            "e2bfb730-ecaa-11e6-8f88-34363bc7c4c0": {
                                "create": 360000000000,
                                "delete": 360000000000,
                                "update": 360000000000
                            },
                            "schema_version": "6"
                        },
                        "tainted": false
                    },
                    "deposed": [],
                    "provider": "provider.google"
                },
                "google_compute_instance.node_host.1": {
                    "type": "google_compute_instance",
                    "depends_on": [
                        "data.google_compute_network.default_network",
                        "google_compute_address.node_ext_addr.*"
                    ],
                    "primary": {
                        "id": "testnet1-node1",
                        "attributes": {
                            "attached_disk.#": "0",
                            "boot_disk.#": "1",
                            "boot_disk.0.auto_delete": "true",
                            "boot_disk.0.device_name": "persistent-disk-0",
                            "boot_disk.0.disk_encryption_key_raw": "",
                            "boot_disk.0.disk_encryption_key_sha256": "",
                            "boot_disk.0.initialize_params.#": "1",
                            "boot_disk.0.initialize_params.0.image": "https://www.googleapis.com/compute/v1/projects/ubuntu-os-cloud/global/images/ubuntu-1810-cosmic-v20190320",
                            "boot_disk.0.initialize_params.0.size": "160",
                            "boot_disk.0.initialize_params.0.type": "pd-ssd",
                            "boot_disk.0.source": "https://www.googleapis.com/compute/v1/projects/developer-222401/zones/us-central1-a/disks/testnet1-node1",
                            "can_ip_forward": "false",
                            "cpu_platform": "Intel Sandy Bridge",
                            "deletion_protection": "false",
                            "guest_accelerator.#": "0",
                            "hostname": "",
                            "id": "testnet1-node1",
                            "instance_id": "8265290613419583737",
                            "label_fingerprint": "42WmSpB8rSM=",
                            "labels.%": "0",
                            "machine_type": "custom-4-16384",
                            "metadata.%": "0",
                            "metadata_fingerprint": "vloecYIjeXs=",
                            "metadata_startup_script": "",
                            "min_cpu_platform": "",
                            "name": "testnet1-node1",
                            "network_interface.#": "1",
                            "network_interface.0.access_config.#": "1",
                            "network_interface.0.access_config.0.assigned_nat_ip": "",
                            "network_interface.0.access_config.0.nat_ip": "35.232.220.146",
                            "network_interface.0.access_config.0.network_tier": "PREMIUM",
                            "network_interface.0.access_config.0.public_ptr_domain_name": "",
                            "network_interface.0.address": "",
                            "network_interface.0.alias_ip_range.#": "0",
                            "network_interface.0.name": "nic0",
                            "network_interface.0.network": "https://www.googleapis.com/compute/v1/projects/developer-222401/global/networks/default",
                            "network_interface.0.network_ip": "10.128.0.37",
                            "network_interface.0.subnetwork": "https://www.googleapis.com/compute/v1/projects/developer-222401/regions/us-central1/subnetworks/default",
                            "network_interface.0.subnetwork_project": "developer-222401",
                            "project": "developer-222401",
                            "scheduling.#": "1",
                            "scheduling.0.automatic_restart": "true",
                            "scheduling.0.on_host_maintenance": "MIGRATE",
                            "scheduling.0.preemptible": "false",
                            "scratch_disk.#": "0",
                            "self_link": "https://www.googleapis.com/compute/v1/projects/developer-222401/zones/us-central1-a/instances/testnet1-node1",
                            "service_account.#": "0",
                            "tags.#": "4",
                            "tags.1545480626": "collectd-out",
                            "tags.3081798924": "testnet1-node-public",
                            "tags.3831608592": "elasticsearch-out",
                            "tags.4050933101": "testnet1-node-grpc",
                            "tags_fingerprint": "ttKPuf1Ii9E=",
                            "zone": "us-central1-a"
                        },
                        "meta": {
                            "e2bfb730-ecaa-11e6-8f88-34363bc7c4c0": {
                                "create": 360000000000,
                                "delete": 360000000000,
                                "update": 360000000000
                            },
                            "schema_version": "6"
                        },
                        "tainted": false
                    },
                    "deposed": [],
                    "provider": "provider.google"
                },
                "google_compute_instance.node_host.2": {
                    "type": "google_compute_instance",
                    "depends_on": [
                        "data.google_compute_network.default_network",
                        "google_compute_address.node_ext_addr.*"
                    ],
                    "primary": {
                        "id": "testnet1-node2",
                        "attributes": {
                            "attached_disk.#": "0",
                            "boot_disk.#": "1",
                            "boot_disk.0.auto_delete": "true",
                            "boot_disk.0.device_name": "persistent-disk-0",
                            "boot_disk.0.disk_encryption_key_raw": "",
                            "boot_disk.0.disk_encryption_key_sha256": "",
                            "boot_disk.0.initialize_params.#": "1",
                            "boot_disk.0.initialize_params.0.image": "https://www.googleapis.com/compute/v1/projects/ubuntu-os-cloud/global/images/ubuntu-1810-cosmic-v20190320",
                            "boot_disk.0.initialize_params.0.size": "160",
                            "boot_disk.0.initialize_params.0.type": "pd-ssd",
                            "boot_disk.0.source": "https://www.googleapis.com/compute/v1/projects/developer-222401/zones/us-central1-a/disks/testnet1-node2",
                            "can_ip_forward": "false",
                            "cpu_platform": "Intel Sandy Bridge",
                            "deletion_protection": "false",
                            "guest_accelerator.#": "0",
                            "hostname": "",
                            "id": "testnet1-node2",
                            "instance_id": "8000398337935057451",
                            "label_fingerprint": "42WmSpB8rSM=",
                            "labels.%": "0",
                            "machine_type": "custom-4-16384",
                            "metadata.%": "0",
                            "metadata_fingerprint": "vloecYIjeXs=",
                            "metadata_startup_script": "",
                            "min_cpu_platform": "",
                            "name": "testnet1-node2",
                            "network_interface.#": "1",
                            "network_interface.0.access_config.#": "1",
                            "network_interface.0.access_config.0.assigned_nat_ip": "",
                            "network_interface.0.access_config.0.nat_ip": "35.232.71.197",
                            "network_interface.0.access_config.0.network_tier": "PREMIUM",
                            "network_interface.0.access_config.0.public_ptr_domain_name": "",
                            "network_interface.0.address": "",
                            "network_interface.0.alias_ip_range.#": "0",
                            "network_interface.0.name": "nic0",
                            "network_interface.0.network": "https://www.googleapis.com/compute/v1/projects/developer-222401/global/networks/default",
                            "network_interface.0.network_ip": "10.128.0.45",
                            "network_interface.0.subnetwork": "https://www.googleapis.com/compute/v1/projects/developer-222401/regions/us-central1/subnetworks/default",
                            "network_interface.0.subnetwork_project": "developer-222401",
                            "project": "developer-222401",
                            "scheduling.#": "1",
                            "scheduling.0.automatic_restart": "true",
                            "scheduling.0.on_host_maintenance": "MIGRATE",
                            "scheduling.0.preemptible": "false",
                            "scratch_disk.#": "0",
                            "self_link": "https://www.googleapis.com/compute/v1/projects/developer-222401/zones/us-central1-a/instances/testnet1-node2",
                            "service_account.#": "0",
                            "tags.#": "4",
                            "tags.1545480626": "collectd-out",
                            "tags.3081798924": "testnet1-node-public",
                            "tags.3831608592": "elasticsearch-out",
                            "tags.4050933101": "testnet1-node-grpc",
                            "tags_fingerprint": "ttKPuf1Ii9E=",
                            "zone": "us-central1-a"
                        },
                        "meta": {
                            "e2bfb730-ecaa-11e6-8f88-34363bc7c4c0": {
                                "create": 360000000000,
                                "delete": 360000000000,
                                "update": 360000000000
                            },
                            "schema_version": "6"
                        },
                        "tainted": false
                    },
                    "deposed": [],
                    "provider": "provider.google"
                },
                "google_compute_instance.node_host.3": {
                    "type": "google_compute_instance",
                    "depends_on": [
                        "data.google_compute_network.default_network",
                        "google_compute_address.node_ext_addr.*"
                    ],
                    "primary": {
                        "id": "testnet1-node3",
                        "attributes": {
                            "attached_disk.#": "0",
                            "boot_disk.#": "1",
                            "boot_disk.0.auto_delete": "true",
                            "boot_disk.0.device_name": "persistent-disk-0",
                            "boot_disk.0.disk_encryption_key_raw": "",
                            "boot_disk.0.disk_encryption_key_sha256": "",
                            "boot_disk.0.initialize_params.#": "1",
                            "boot_disk.0.initialize_params.0.image": "https://www.googleapis.com/compute/v1/projects/ubuntu-os-cloud/global/images/ubuntu-1810-cosmic-v20190320",
                            "boot_disk.0.initialize_params.0.size": "160",
                            "boot_disk.0.initialize_params.0.type": "pd-ssd",
                            "boot_disk.0.source": "https://www.googleapis.com/compute/v1/projects/developer-222401/zones/us-central1-a/disks/testnet1-node3",
                            "can_ip_forward": "false",
                            "cpu_platform": "Intel Sandy Bridge",
                            "deletion_protection": "false",
                            "guest_accelerator.#": "0",
                            "hostname": "",
                            "id": "testnet1-node3",
                            "instance_id": "47810620346509558",
                            "label_fingerprint": "42WmSpB8rSM=",
                            "labels.%": "0",
                            "machine_type": "custom-4-16384",
                            "metadata.%": "0",
                            "metadata_fingerprint": "vloecYIjeXs=",
                            "metadata_startup_script": "",
                            "min_cpu_platform": "",
                            "name": "testnet1-node3",
                            "network_interface.#": "1",
                            "network_interface.0.access_config.#": "1",
                            "network_interface.0.access_config.0.assigned_nat_ip": "",
                            "network_interface.0.access_config.0.nat_ip": "35.238.20.89",
                            "network_interface.0.access_config.0.network_tier": "PREMIUM",
                            "network_interface.0.access_config.0.public_ptr_domain_name": "",
                            "network_interface.0.address": "",
                            "network_interface.0.alias_ip_range.#": "0",
                            "network_interface.0.name": "nic0",
                            "network_interface.0.network": "https://www.googleapis.com/compute/v1/projects/developer-222401/global/networks/default",
                            "network_interface.0.network_ip": "10.128.0.41",
                            "network_interface.0.subnetwork": "https://www.googleapis.com/compute/v1/projects/developer-222401/regions/us-central1/subnetworks/default",
                            "network_interface.0.subnetwork_project": "developer-222401",
                            "project": "developer-222401",
                            "scheduling.#": "1",
                            "scheduling.0.automatic_restart": "true",
                            "scheduling.0.on_host_maintenance": "MIGRATE",
                            "scheduling.0.preemptible": "false",
                            "scratch_disk.#": "0",
                            "self_link": "https://www.googleapis.com/compute/v1/projects/developer-222401/zones/us-central1-a/instances/testnet1-node3",
                            "service_account.#": "0",
                            "tags.#": "4",
                            "tags.1545480626": "collectd-out",
                            "tags.3081798924": "testnet1-node-public",
                            "tags.3831608592": "elasticsearch-out",
                            "tags.4050933101": "testnet1-node-grpc",
                            "tags_fingerprint": "ttKPuf1Ii9E=",
                            "zone": "us-central1-a"
                        },
                        "meta": {
                            "e2bfb730-ecaa-11e6-8f88-34363bc7c4c0": {
                                "create": 360000000000,
                                "delete": 360000000000,
                                "update": 360000000000
                            },
                            "schema_version": "6"
                        },
                        "tainted": false
                    },
                    "deposed": [],
                    "provider": "provider.google"
                },
                "google_compute_instance.node_host.4": {
                    "type": "google_compute_instance",
                    "depends_on": [
                        "data.google_compute_network.default_network",
                        "google_compute_address.node_ext_addr.*"
                    ],
                    "primary": {
                        "id": "testnet1-node4",
                        "attributes": {
                            "attached_disk.#": "0",
                            "boot_disk.#": "1",
                            "boot_disk.0.auto_delete": "true",
                            "boot_disk.0.device_name": "persistent-disk-0",
                            "boot_disk.0.disk_encryption_key_raw": "",
                            "boot_disk.0.disk_encryption_key_sha256": "",
                            "boot_disk.0.initialize_params.#": "1",
                            "boot_disk.0.initialize_params.0.image": "https://www.googleapis.com/compute/v1/projects/ubuntu-os-cloud/global/images/ubuntu-1810-cosmic-v20190320",
                            "boot_disk.0.initialize_params.0.size": "160",
                            "boot_disk.0.initialize_params.0.type": "pd-ssd",
                            "boot_disk.0.source": "https://www.googleapis.com/compute/v1/projects/developer-222401/zones/us-central1-a/disks/testnet1-node4",
                            "can_ip_forward": "false",
                            "cpu_platform": "Intel Sandy Bridge",
                            "deletion_protection": "false",
                            "guest_accelerator.#": "0",
                            "hostname": "",
                            "id": "testnet1-node4",
                            "instance_id": "2141766769541294329",
                            "label_fingerprint": "42WmSpB8rSM=",
                            "labels.%": "0",
                            "machine_type": "custom-4-16384",
                            "metadata.%": "0",
                            "metadata_fingerprint": "vloecYIjeXs=",
                            "metadata_startup_script": "",
                            "min_cpu_platform": "",
                            "name": "testnet1-node4",
                            "network_interface.#": "1",
                            "network_interface.0.access_config.#": "1",
                            "network_interface.0.access_config.0.assigned_nat_ip": "",
                            "network_interface.0.access_config.0.nat_ip": "35.202.251.179",
                            "network_interface.0.access_config.0.network_tier": "PREMIUM",
                            "network_interface.0.access_config.0.public_ptr_domain_name": "",
                            "network_interface.0.address": "",
                            "network_interface.0.alias_ip_range.#": "0",
                            "network_interface.0.name": "nic0",
                            "network_interface.0.network": "https://www.googleapis.com/compute/v1/projects/developer-222401/global/networks/default",
                            "network_interface.0.network_ip": "10.128.0.39",
                            "network_interface.0.subnetwork": "https://www.googleapis.com/compute/v1/projects/developer-222401/regions/us-central1/subnetworks/default",
                            "network_interface.0.subnetwork_project": "developer-222401",
                            "project": "developer-222401",
                            "scheduling.#": "1",
                            "scheduling.0.automatic_restart": "true",
                            "scheduling.0.on_host_maintenance": "MIGRATE",
                            "scheduling.0.preemptible": "false",
                            "scratch_disk.#": "0",
                            "self_link": "https://www.googleapis.com/compute/v1/projects/developer-222401/zones/us-central1-a/instances/testnet1-node4",
                            "service_account.#": "0",
                            "tags.#": "4",
                            "tags.1545480626": "collectd-out",
                            "tags.3081798924": "testnet1-node-public",
                            "tags.3831608592": "elasticsearch-out",
                            "tags.4050933101": "testnet1-node-grpc",
                            "tags_fingerprint": "ttKPuf1Ii9E=",
                            "zone": "us-central1-a"
                        },
                        "meta": {
                            "e2bfb730-ecaa-11e6-8f88-34363bc7c4c0": {
                                "create": 360000000000,
                                "delete": 360000000000,
                                "update": 360000000000
                            },
                            "schema_version": "6"
                        },
                        "tainted": false
                    },
                    "deposed": [],
                    "provider": "provider.google"
                },
                "google_compute_instance.node_host.5": {
                    "type": "google_compute_instance",
                    "depends_on": [
                        "data.google_compute_network.default_network",
                        "google_compute_address.node_ext_addr.*"
                    ],
                    "primary": {
                        "id": "testnet1-node5",
                        "attributes": {
                            "attached_disk.#": "0",
                            "boot_disk.#": "1",
                            "boot_disk.0.auto_delete": "true",
                            "boot_disk.0.device_name": "persistent-disk-0",
                            "boot_disk.0.disk_encryption_key_raw": "",
                            "boot_disk.0.disk_encryption_key_sha256": "",
                            "boot_disk.0.initialize_params.#": "1",
                            "boot_disk.0.initialize_params.0.image": "https://www.googleapis.com/compute/v1/projects/ubuntu-os-cloud/global/images/ubuntu-1810-cosmic-v20190320",
                            "boot_disk.0.initialize_params.0.size": "160",
                            "boot_disk.0.initialize_params.0.type": "pd-ssd",
                            "boot_disk.0.source": "https://www.googleapis.com/compute/v1/projects/developer-222401/zones/us-central1-a/disks/testnet1-node5",
                            "can_ip_forward": "false",
                            "cpu_platform": "Intel Sandy Bridge",
                            "deletion_protection": "false",
                            "guest_accelerator.#": "0",
                            "hostname": "",
                            "id": "testnet1-node5",
                            "instance_id": "5845584091293853945",
                            "label_fingerprint": "42WmSpB8rSM=",
                            "labels.%": "0",
                            "machine_type": "custom-4-16384",
                            "metadata.%": "0",
                            "metadata_fingerprint": "vloecYIjeXs=",
                            "metadata_startup_script": "",
                            "min_cpu_platform": "",
                            "name": "testnet1-node5",
                            "network_interface.#": "1",
                            "network_interface.0.access_config.#": "1",
                            "network_interface.0.access_config.0.assigned_nat_ip": "",
                            "network_interface.0.access_config.0.nat_ip": "35.238.248.19",
                            "network_interface.0.access_config.0.network_tier": "PREMIUM",
                            "network_interface.0.access_config.0.public_ptr_domain_name": "",
                            "network_interface.0.address": "",
                            "network_interface.0.alias_ip_range.#": "0",
                            "network_interface.0.name": "nic0",
                            "network_interface.0.network": "https://www.googleapis.com/compute/v1/projects/developer-222401/global/networks/default",
                            "network_interface.0.network_ip": "10.128.0.32",
                            "network_interface.0.subnetwork": "https://www.googleapis.com/compute/v1/projects/developer-222401/regions/us-central1/subnetworks/default",
                            "network_interface.0.subnetwork_project": "developer-222401",
                            "project": "developer-222401",
                            "scheduling.#": "1",
                            "scheduling.0.automatic_restart": "true",
                            "scheduling.0.on_host_maintenance": "MIGRATE",
                            "scheduling.0.preemptible": "false",
                            "scratch_disk.#": "0",
                            "self_link": "https://www.googleapis.com/compute/v1/projects/developer-222401/zones/us-central1-a/instances/testnet1-node5",
                            "service_account.#": "0",
                            "tags.#": "4",
                            "tags.1545480626": "collectd-out",
                            "tags.3081798924": "testnet1-node-public",
                            "tags.3831608592": "elasticsearch-out",
                            "tags.4050933101": "testnet1-node-grpc",
                            "tags_fingerprint": "ttKPuf1Ii9E=",
                            "zone": "us-central1-a"
                        },
                        "meta": {
                            "e2bfb730-ecaa-11e6-8f88-34363bc7c4c0": {
                                "create": 360000000000,
                                "delete": 360000000000,
                                "update": 360000000000
                            },
                            "schema_version": "6"
                        },
                        "tainted": false
                    },
                    "deposed": [],
                    "provider": "provider.google"
                },
                "google_compute_instance.node_host.6": {
                    "type": "google_compute_instance",
                    "depends_on": [
                        "data.google_compute_network.default_network",
                        "google_compute_address.node_ext_addr.*"
                    ],
                    "primary": {
                        "id": "testnet1-node6",
                        "attributes": {
                            "attached_disk.#": "0",
                            "boot_disk.#": "1",
                            "boot_disk.0.auto_delete": "true",
                            "boot_disk.0.device_name": "persistent-disk-0",
                            "boot_disk.0.disk_encryption_key_raw": "",
                            "boot_disk.0.disk_encryption_key_sha256": "",
                            "boot_disk.0.initialize_params.#": "1",
                            "boot_disk.0.initialize_params.0.image": "https://www.googleapis.com/compute/v1/projects/ubuntu-os-cloud/global/images/ubuntu-1810-cosmic-v20190320",
                            "boot_disk.0.initialize_params.0.size": "160",
                            "boot_disk.0.initialize_params.0.type": "pd-ssd",
                            "boot_disk.0.source": "https://www.googleapis.com/compute/v1/projects/developer-222401/zones/us-central1-a/disks/testnet1-node6",
                            "can_ip_forward": "false",
                            "cpu_platform": "Intel Sandy Bridge",
                            "deletion_protection": "false",
                            "guest_accelerator.#": "0",
                            "hostname": "",
                            "id": "testnet1-node6",
                            "instance_id": "8524061400866137987",
                            "label_fingerprint": "42WmSpB8rSM=",
                            "labels.%": "0",
                            "machine_type": "custom-4-16384",
                            "metadata.%": "0",
                            "metadata_fingerprint": "vloecYIjeXs=",
                            "metadata_startup_script": "",
                            "min_cpu_platform": "",
                            "name": "testnet1-node6",
                            "network_interface.#": "1",
                            "network_interface.0.access_config.#": "1",
                            "network_interface.0.access_config.0.assigned_nat_ip": "",
                            "network_interface.0.access_config.0.nat_ip": "35.222.116.54",
                            "network_interface.0.access_config.0.network_tier": "PREMIUM",
                            "network_interface.0.access_config.0.public_ptr_domain_name": "",
                            "network_interface.0.address": "",
                            "network_interface.0.alias_ip_range.#": "0",
                            "network_interface.0.name": "nic0",
                            "network_interface.0.network": "https://www.googleapis.com/compute/v1/projects/developer-222401/global/networks/default",
                            "network_interface.0.network_ip": "10.128.0.43",
                            "network_interface.0.subnetwork": "https://www.googleapis.com/compute/v1/projects/developer-222401/regions/us-central1/subnetworks/default",
                            "network_interface.0.subnetwork_project": "developer-222401",
                            "project": "developer-222401",
                            "scheduling.#": "1",
                            "scheduling.0.automatic_restart": "true",
                            "scheduling.0.on_host_maintenance": "MIGRATE",
                            "scheduling.0.preemptible": "false",
                            "scratch_disk.#": "0",
                            "self_link": "https://www.googleapis.com/compute/v1/projects/developer-222401/zones/us-central1-a/instances/testnet1-node6",
                            "service_account.#": "0",
                            "tags.#": "4",
                            "tags.1545480626": "collectd-out",
                            "tags.3081798924": "testnet1-node-public",
                            "tags.3831608592": "elasticsearch-out",
                            "tags.4050933101": "testnet1-node-grpc",
                            "tags_fingerprint": "ttKPuf1Ii9E=",
                            "zone": "us-central1-a"
                        },
                        "meta": {
                            "e2bfb730-ecaa-11e6-8f88-34363bc7c4c0": {
                                "create": 360000000000,
                                "delete": 360000000000,
                                "update": 360000000000
                            },
                            "schema_version": "6"
                        },
                        "tainted": false
                    },
                    "deposed": [],
                    "provider": "provider.google"
                },
                "google_compute_instance.node_host.7": {
                    "type": "google_compute_instance",
                    "depends_on": [
                        "data.google_compute_network.default_network",
                        "google_compute_address.node_ext_addr.*"
                    ],
                    "primary": {
                        "id": "testnet1-node7",
                        "attributes": {
                            "attached_disk.#": "0",
                            "boot_disk.#": "1",
                            "boot_disk.0.auto_delete": "true",
                            "boot_disk.0.device_name": "persistent-disk-0",
                            "boot_disk.0.disk_encryption_key_raw": "",
                            "boot_disk.0.disk_encryption_key_sha256": "",
                            "boot_disk.0.initialize_params.#": "1",
                            "boot_disk.0.initialize_params.0.image": "https://www.googleapis.com/compute/v1/projects/ubuntu-os-cloud/global/images/ubuntu-1810-cosmic-v20190320",
                            "boot_disk.0.initialize_params.0.size": "160",
                            "boot_disk.0.initialize_params.0.type": "pd-ssd",
                            "boot_disk.0.source": "https://www.googleapis.com/compute/v1/projects/developer-222401/zones/us-central1-a/disks/testnet1-node7",
                            "can_ip_forward": "false",
                            "cpu_platform": "Intel Sandy Bridge",
                            "deletion_protection": "false",
                            "guest_accelerator.#": "0",
                            "hostname": "",
                            "id": "testnet1-node7",
                            "instance_id": "835679360995207417",
                            "label_fingerprint": "42WmSpB8rSM=",
                            "labels.%": "0",
                            "machine_type": "custom-4-16384",
                            "metadata.%": "0",
                            "metadata_fingerprint": "vloecYIjeXs=",
                            "metadata_startup_script": "",
                            "min_cpu_platform": "",
                            "name": "testnet1-node7",
                            "network_interface.#": "1",
                            "network_interface.0.access_config.#": "1",
                            "network_interface.0.access_config.0.assigned_nat_ip": "",
                            "network_interface.0.access_config.0.nat_ip": "35.224.191.160",
                            "network_interface.0.access_config.0.network_tier": "PREMIUM",
                            "network_interface.0.access_config.0.public_ptr_domain_name": "",
                            "network_interface.0.address": "",
                            "network_interface.0.alias_ip_range.#": "0",
                            "network_interface.0.name": "nic0",
                            "network_interface.0.network": "https://www.googleapis.com/compute/v1/projects/developer-222401/global/networks/default",
                            "network_interface.0.network_ip": "10.128.0.36",
                            "network_interface.0.subnetwork": "https://www.googleapis.com/compute/v1/projects/developer-222401/regions/us-central1/subnetworks/default",
                            "network_interface.0.subnetwork_project": "developer-222401",
                            "project": "developer-222401",
                            "scheduling.#": "1",
                            "scheduling.0.automatic_restart": "true",
                            "scheduling.0.on_host_maintenance": "MIGRATE",
                            "scheduling.0.preemptible": "false",
                            "scratch_disk.#": "0",
                            "self_link": "https://www.googleapis.com/compute/v1/projects/developer-222401/zones/us-central1-a/instances/testnet1-node7",
                            "service_account.#": "0",
                            "tags.#": "4",
                            "tags.1545480626": "collectd-out",
                            "tags.3081798924": "testnet1-node-public",
                            "tags.3831608592": "elasticsearch-out",
                            "tags.4050933101": "testnet1-node-grpc",
                            "tags_fingerprint": "ttKPuf1Ii9E=",
                            "zone": "us-central1-a"
                        },
                        "meta": {
                            "e2bfb730-ecaa-11e6-8f88-34363bc7c4c0": {
                                "create": 360000000000,
                                "delete": 360000000000,
                                "update": 360000000000
                            },
                            "schema_version": "6"
                        },
                        "tainted": false
                    },
                    "deposed": [],
                    "provider": "provider.google"
                },
                "google_compute_instance.node_host.8": {
                    "type": "google_compute_instance",
                    "depends_on": [
                        "data.google_compute_network.default_network",
                        "google_compute_address.node_ext_addr.*"
                    ],
                    "primary": {
                        "id": "testnet1-node8",
                        "attributes": {
                            "attached_disk.#": "0",
                            "boot_disk.#": "1",
                            "boot_disk.0.auto_delete": "true",
                            "boot_disk.0.device_name": "persistent-disk-0",
                            "boot_disk.0.disk_encryption_key_raw": "",
                            "boot_disk.0.disk_encryption_key_sha256": "",
                            "boot_disk.0.initialize_params.#": "1",
                            "boot_disk.0.initialize_params.0.image": "https://www.googleapis.com/compute/v1/projects/ubuntu-os-cloud/global/images/ubuntu-1810-cosmic-v20190320",
                            "boot_disk.0.initialize_params.0.size": "160",
                            "boot_disk.0.initialize_params.0.type": "pd-ssd",
                            "boot_disk.0.source": "https://www.googleapis.com/compute/v1/projects/developer-222401/zones/us-central1-a/disks/testnet1-node8",
                            "can_ip_forward": "false",
                            "cpu_platform": "Intel Sandy Bridge",
                            "deletion_protection": "false",
                            "guest_accelerator.#": "0",
                            "hostname": "",
                            "id": "testnet1-node8",
                            "instance_id": "1857391972646299897",
                            "label_fingerprint": "42WmSpB8rSM=",
                            "labels.%": "0",
                            "machine_type": "custom-4-16384",
                            "metadata.%": "0",
                            "metadata_fingerprint": "vloecYIjeXs=",
                            "metadata_startup_script": "",
                            "min_cpu_platform": "",
                            "name": "testnet1-node8",
                            "network_interface.#": "1",
                            "network_interface.0.access_config.#": "1",
                            "network_interface.0.access_config.0.assigned_nat_ip": "",
                            "network_interface.0.access_config.0.nat_ip": "35.226.66.22",
                            "network_interface.0.access_config.0.network_tier": "PREMIUM",
                            "network_interface.0.access_config.0.public_ptr_domain_name": "",
                            "network_interface.0.address": "",
                            "network_interface.0.alias_ip_range.#": "0",
                            "network_interface.0.name": "nic0",
                            "network_interface.0.network": "https://www.googleapis.com/compute/v1/projects/developer-222401/global/networks/default",
                            "network_interface.0.network_ip": "10.128.0.33",
                            "network_interface.0.subnetwork": "https://www.googleapis.com/compute/v1/projects/developer-222401/regions/us-central1/subnetworks/default",
                            "network_interface.0.subnetwork_project": "developer-222401",
                            "project": "developer-222401",
                            "scheduling.#": "1",
                            "scheduling.0.automatic_restart": "true",
                            "scheduling.0.on_host_maintenance": "MIGRATE",
                            "scheduling.0.preemptible": "false",
                            "scratch_disk.#": "0",
                            "self_link": "https://www.googleapis.com/compute/v1/projects/developer-222401/zones/us-central1-a/instances/testnet1-node8",
                            "service_account.#": "0",
                            "tags.#": "4",
                            "tags.1545480626": "collectd-out",
                            "tags.3081798924": "testnet1-node-public",
                            "tags.3831608592": "elasticsearch-out",
                            "tags.4050933101": "testnet1-node-grpc",
                            "tags_fingerprint": "ttKPuf1Ii9E=",
                            "zone": "us-central1-a"
                        },
                        "meta": {
                            "e2bfb730-ecaa-11e6-8f88-34363bc7c4c0": {
                                "create": 360000000000,
                                "delete": 360000000000,
                                "update": 360000000000
                            },
                            "schema_version": "6"
                        },
                        "tainted": false
                    },
                    "deposed": [],
                    "provider": "provider.google"
                },
                "google_compute_instance.node_host.9": {
                    "type": "google_compute_instance",
                    "depends_on": [
                        "data.google_compute_network.default_network",
                        "google_compute_address.node_ext_addr.*"
                    ],
                    "primary": {
                        "id": "testnet1-node9",
                        "attributes": {
                            "attached_disk.#": "0",
                            "boot_disk.#": "1",
                            "boot_disk.0.auto_delete": "true",
                            "boot_disk.0.device_name": "persistent-disk-0",
                            "boot_disk.0.disk_encryption_key_raw": "",
                            "boot_disk.0.disk_encryption_key_sha256": "",
                            "boot_disk.0.initialize_params.#": "1",
                            "boot_disk.0.initialize_params.0.image": "https://www.googleapis.com/compute/v1/projects/ubuntu-os-cloud/global/images/ubuntu-1810-cosmic-v20190320",
                            "boot_disk.0.initialize_params.0.size": "160",
                            "boot_disk.0.initialize_params.0.type": "pd-ssd",
                            "boot_disk.0.source": "https://www.googleapis.com/compute/v1/projects/developer-222401/zones/us-central1-a/disks/testnet1-node9",
                            "can_ip_forward": "false",
                            "cpu_platform": "Intel Sandy Bridge",
                            "deletion_protection": "false",
                            "guest_accelerator.#": "0",
                            "hostname": "",
                            "id": "testnet1-node9",
                            "instance_id": "2774643394746427641",
                            "label_fingerprint": "42WmSpB8rSM=",
                            "labels.%": "0",
                            "machine_type": "custom-4-16384",
                            "metadata.%": "0",
                            "metadata_fingerprint": "vloecYIjeXs=",
                            "metadata_startup_script": "",
                            "min_cpu_platform": "",
                            "name": "testnet1-node9",
                            "network_interface.#": "1",
                            "network_interface.0.access_config.#": "1",
                            "network_interface.0.access_config.0.assigned_nat_ip": "",
                            "network_interface.0.access_config.0.nat_ip": "35.193.97.127",
                            "network_interface.0.access_config.0.network_tier": "PREMIUM",
                            "network_interface.0.access_config.0.public_ptr_domain_name": "",
                            "network_interface.0.address": "",
                            "network_interface.0.alias_ip_range.#": "0",
                            "network_interface.0.name": "nic0",
                            "network_interface.0.network": "https://www.googleapis.com/compute/v1/projects/developer-222401/global/networks/default",
                            "network_interface.0.network_ip": "10.128.0.35",
                            "network_interface.0.subnetwork": "https://www.googleapis.com/compute/v1/projects/developer-222401/regions/us-central1/subnetworks/default",
                            "network_interface.0.subnetwork_project": "developer-222401",
                            "project": "developer-222401",
                            "scheduling.#": "1",
                            "scheduling.0.automatic_restart": "true",
                            "scheduling.0.on_host_maintenance": "MIGRATE",
                            "scheduling.0.preemptible": "false",
                            "scratch_disk.#": "0",
                            "self_link": "https://www.googleapis.com/compute/v1/projects/developer-222401/zones/us-central1-a/instances/testnet1-node9",
                            "service_account.#": "0",
                            "tags.#": "4",
                            "tags.1545480626": "collectd-out",
                            "tags.3081798924": "testnet1-node-public",
                            "tags.3831608592": "elasticsearch-out",
                            "tags.4050933101": "testnet1-node-grpc",
                            "tags_fingerprint": "ttKPuf1Ii9E=",
                            "zone": "us-central1-a"
                        },
                        "meta": {
                            "e2bfb730-ecaa-11e6-8f88-34363bc7c4c0": {
                                "create": 360000000000,
                                "delete": 360000000000,
                                "update": 360000000000
                            },
                            "schema_version": "6"
                        },
                        "tainted": false
                    },
                    "deposed": [],
                    "provider": "provider.google"
                },
                "google_dns_record_set.bootstrap_dns_record": {
                    "type": "google_dns_record_set",
                    "depends_on": [],
                    "primary": {
                        "id": "rchain-dev/bootstrap.testnet.rchain-dev.tk./CNAME",
                        "attributes": {
                            "id": "rchain-dev/bootstrap.testnet.rchain-dev.tk./CNAME",
                            "managed_zone": "rchain-dev",
                            "name": "bootstrap.testnet.rchain-dev.tk.",
                            "project": "developer-222401",
                            "rrdatas.#": "1",
                            "rrdatas.0": "node0.testnet.rchain-dev.tk.",
                            "ttl": "300",
                            "type": "CNAME"
                        },
                        "meta": {},
                        "tainted": false
                    },
                    "deposed": [],
                    "provider": "provider.google"
                },
                "google_dns_record_set.node_dns_record.0": {
                    "type": "google_dns_record_set",
                    "depends_on": [
                        "google_compute_address.node_ext_addr.*"
                    ],
                    "primary": {
                        "id": "rchain-dev/node0.testnet.rchain-dev.tk./A",
                        "attributes": {
                            "id": "rchain-dev/node0.testnet.rchain-dev.tk./A",
                            "managed_zone": "rchain-dev",
                            "name": "node0.testnet.rchain-dev.tk.",
                            "project": "developer-222401",
                            "rrdatas.#": "1",
                            "rrdatas.0": "35.225.240.133",
                            "ttl": "300",
                            "type": "A"
                        },
                        "meta": {},
                        "tainted": false
                    },
                    "deposed": [],
                    "provider": "provider.google"
                },
                "google_dns_record_set.node_dns_record.1": {
                    "type": "google_dns_record_set",
                    "depends_on": [
                        "google_compute_address.node_ext_addr.*"
                    ],
                    "primary": {
                        "id": "rchain-dev/node1.testnet.rchain-dev.tk./A",
                        "attributes": {
                            "id": "rchain-dev/node1.testnet.rchain-dev.tk./A",
                            "managed_zone": "rchain-dev",
                            "name": "node1.testnet.rchain-dev.tk.",
                            "project": "developer-222401",
                            "rrdatas.#": "1",
                            "rrdatas.0": "35.232.220.146",
                            "ttl": "300",
                            "type": "A"
                        },
                        "meta": {},
                        "tainted": false
                    },
                    "deposed": [],
                    "provider": "provider.google"
                },
                "google_dns_record_set.node_dns_record.2": {
                    "type": "google_dns_record_set",
                    "depends_on": [
                        "google_compute_address.node_ext_addr.*"
                    ],
                    "primary": {
                        "id": "rchain-dev/node2.testnet.rchain-dev.tk./A",
                        "attributes": {
                            "id": "rchain-dev/node2.testnet.rchain-dev.tk./A",
                            "managed_zone": "rchain-dev",
                            "name": "node2.testnet.rchain-dev.tk.",
                            "project": "developer-222401",
                            "rrdatas.#": "1",
                            "rrdatas.0": "35.232.71.197",
                            "ttl": "300",
                            "type": "A"
                        },
                        "meta": {},
                        "tainted": false
                    },
                    "deposed": [],
                    "provider": "provider.google"
                },
                "google_dns_record_set.node_dns_record.3": {
                    "type": "google_dns_record_set",
                    "depends_on": [
                        "google_compute_address.node_ext_addr.*"
                    ],
                    "primary": {
                        "id": "rchain-dev/node3.testnet.rchain-dev.tk./A",
                        "attributes": {
                            "id": "rchain-dev/node3.testnet.rchain-dev.tk./A",
                            "managed_zone": "rchain-dev",
                            "name": "node3.testnet.rchain-dev.tk.",
                            "project": "developer-222401",
                            "rrdatas.#": "1",
                            "rrdatas.0": "35.238.20.89",
                            "ttl": "300",
                            "type": "A"
                        },
                        "meta": {},
                        "tainted": false
                    },
                    "deposed": [],
                    "provider": "provider.google"
                },
                "google_dns_record_set.node_dns_record.4": {
                    "type": "google_dns_record_set",
                    "depends_on": [
                        "google_compute_address.node_ext_addr.*"
                    ],
                    "primary": {
                        "id": "rchain-dev/node4.testnet.rchain-dev.tk./A",
                        "attributes": {
                            "id": "rchain-dev/node4.testnet.rchain-dev.tk./A",
                            "managed_zone": "rchain-dev",
                            "name": "node4.testnet.rchain-dev.tk.",
                            "project": "developer-222401",
                            "rrdatas.#": "1",
                            "rrdatas.0": "35.202.251.179",
                            "ttl": "300",
                            "type": "A"
                        },
                        "meta": {},
                        "tainted": false
                    },
                    "deposed": [],
                    "provider": "provider.google"
                },
                "google_dns_record_set.node_dns_record.5": {
                    "type": "google_dns_record_set",
                    "depends_on": [
                        "google_compute_address.node_ext_addr.*"
                    ],
                    "primary": {
                        "id": "rchain-dev/node5.testnet.rchain-dev.tk./A",
                        "attributes": {
                            "id": "rchain-dev/node5.testnet.rchain-dev.tk./A",
                            "managed_zone": "rchain-dev",
                            "name": "node5.testnet.rchain-dev.tk.",
                            "project": "developer-222401",
                            "rrdatas.#": "1",
                            "rrdatas.0": "35.238.248.19",
                            "ttl": "300",
                            "type": "A"
                        },
                        "meta": {},
                        "tainted": false
                    },
                    "deposed": [],
                    "provider": "provider.google"
                },
                "google_dns_record_set.node_dns_record.6": {
                    "type": "google_dns_record_set",
                    "depends_on": [
                        "google_compute_address.node_ext_addr.*"
                    ],
                    "primary": {
                        "id": "rchain-dev/node6.testnet.rchain-dev.tk./A",
                        "attributes": {
                            "id": "rchain-dev/node6.testnet.rchain-dev.tk./A",
                            "managed_zone": "rchain-dev",
                            "name": "node6.testnet.rchain-dev.tk.",
                            "project": "developer-222401",
                            "rrdatas.#": "1",
                            "rrdatas.0": "35.222.116.54",
                            "ttl": "300",
                            "type": "A"
                        },
                        "meta": {},
                        "tainted": false
                    },
                    "deposed": [],
                    "provider": "provider.google"
                },
                "google_dns_record_set.node_dns_record.7": {
                    "type": "google_dns_record_set",
                    "depends_on": [
                        "google_compute_address.node_ext_addr.*"
                    ],
                    "primary": {
                        "id": "rchain-dev/node7.testnet.rchain-dev.tk./A",
                        "attributes": {
                            "id": "rchain-dev/node7.testnet.rchain-dev.tk./A",
                            "managed_zone": "rchain-dev",
                            "name": "node7.testnet.rchain-dev.tk.",
                            "project": "developer-222401",
                            "rrdatas.#": "1",
                            "rrdatas.0": "35.224.191.160",
                            "ttl": "300",
                            "type": "A"
                        },
                        "meta": {},
                        "tainted": false
                    },
                    "deposed": [],
                    "provider": "provider.google"
                },
                "google_dns_record_set.node_dns_record.8": {
                    "type": "google_dns_record_set",
                    "depends_on": [
                        "google_compute_address.node_ext_addr.*"
                    ],
                    "primary": {
                        "id": "rchain-dev/node8.testnet.rchain-dev.tk./A",
                        "attributes": {
                            "id": "rchain-dev/node8.testnet.rchain-dev.tk./A",
                            "managed_zone": "rchain-dev",
                            "name": "node8.testnet.rchain-dev.tk.",
                            "project": "developer-222401",
                            "rrdatas.#": "1",
                            "rrdatas.0": "35.226.66.22",
                            "ttl": "300",
                            "type": "A"
                        },
                        "meta": {},
                        "tainted": false
                    },
                    "deposed": [],
                    "provider": "provider.google"
                },
                "google_dns_record_set.node_dns_record.9": {
                    "type": "google_dns_record_set",
                    "depends_on": [
                        "google_compute_address.node_ext_addr.*"
                    ],
                    "primary": {
                        "id": "rchain-dev/node9.testnet.rchain-dev.tk./A",
                        "attributes": {
                            "id": "rchain-dev/node9.testnet.rchain-dev.tk./A",
                            "managed_zone": "rchain-dev",
                            "name": "node9.testnet.rchain-dev.tk.",
                            "project": "developer-222401",
                            "rrdatas.#": "1",
                            "rrdatas.0": "35.193.97.127",
                            "ttl": "300",
                            "type": "A"
                        },
                        "meta": {},
                        "tainted": false
                    },
                    "deposed": [],
                    "provider": "provider.google"
                }
            },
            "depends_on": []
        }
    ]
}
